
Microsoft Visual Studio Solution File, Format Version 12.00
# Visual Studio Version 17
VisualStudioVersion = 17.14.37411.7 d17.14
MinimumVisualStudioVersion = 10.0.40219.1
Project("{FAE04EC0-301F-11D3-BF4B-00C04F79EFBC}") = "WindowsSetupTools", "WindowsSetupTools\WindowsSetupTools.csproj", "{AD79BCB4-5D84-48AD-9249-7AE5299FA3D8}"
EndProject
Global
	GlobalSection(SolutionConfigurationPlatforms) = preSolution
		Debug|Any CPU = Debug|Any CPU
		Release|Any CPU = Release|Any CPU
	EndGlobalSection
	GlobalSection(ProjectConfigurationPlatforms) = postSolution
		{AD79BCB4-5D84-48AD-9249-7AE5299FA3D8}.Debug|Any CPU.ActiveCfg = Debug|Any CPU
		{AD79BCB4-5D84-48AD-9249-7AE5299FA3D8}.Debug|Any CPU.Build.0 = Debug|Any CPU
		{AD79BCB4-5D84-48AD-9249-7AE5299FA3D8}.Release|Any CPU.ActiveCfg = Release|Any CPU
		{AD79BCB4-5D84-48AD-9249-7AE5299FA3D8}.Release|Any CPU.Build.0 = Release|Any CPU
	EndGlobalSection
	GlobalSection(SolutionProperties) = preSolution
		HideSolutionNode = FALSE
	EndGlobalSection
	GlobalSection(ExtensibilityGlobals) = postSolution
		SolutionGuid = {6005DF78-A200-4AD9-9CA5-3CD32346BE18}
	EndGlobalSection
EndGlobal
